PODS:
  - FBSnapshotTestCase (2.1.4):
    - FBSnapshotTestCase/SwiftSupport (= 2.1.4)
  - FBSnapshotTestCase/Core (2.1.4)
  - FBSnapshotTestCase/SwiftSupport (2.1.4):
    - FBSnapshotTestCase/Core
  - PYBaseNavigationController (0.1.0)

DEPENDENCIES:
  - FBSnapshotTestCase
  - PYBaseNavigationController (from `../`)

SPEC REPOS:
  https://github.com/cocoapods/specs.git:
    - FBSnapshotTestCase

EXTERNAL SOURCES:
  PYBaseNavigationController:
    :path: "../"

SPEC CHECKSUMS:
  FBSnapshotTestCase: 094f9f314decbabe373b87cc339bea235a63e07a
  PYBaseNavigationController: 53449d2f195db77bc6c3f6ed55ba73d72efe5ce5

PODFILE CHECKSUM: 922f7ac6d1feb69972f235d167e871f71c6a03c3

COCOAPODS: 1.7.3
